# FULL LOCK FILE of the `ribomamba` conda environment as used for the protocol v2 final benchmark (exported 2026-09-28,
# after the benchmark). Verified unchanged since the freeze: last conda revisions ribomamba 2026-09-24, desirna 2026-09-27 12:34, rmtools 07:09 IST; no pip package newer than the freeze. environment.lock.yml stays the Phase 3 freeze record.
# Harness, SAMFEO, RNAinverse, TCD, oracles (ViennaRNA 2.7.2, EternaFold). Rebuild: conda env create -n ribomamba -f environment.design_v2.ribomamba.lock.yml
name: ribomamba
channels:
  - conda-forge
  - bioconda
dependencies:
  - _openmp_mutex=4.5=20_gnu
  - _python_abi3_support=1.0=hd8ed1ab_3
  - annotated-doc=0.0.5=pyhcf101f3_0
  - anyio=4.15.1=pyh5ded981_1
  - aria2=1.37.0=h4b33fff_4
  - backports.zstd=1.7.0=py312h3f22e6b_1
  - binutils_impl_linux-64=2.46.1=default_hfdba357_102
  - binutils_linux-64=2.46.1=default_h4852527_102
  - brotli-python=1.2.0=py312he9c40d5_4
  - bzip2=1.0.8=hda65f42_10
  - c-ares=1.34.8=hebe6cf0_2
  - ca-certificates=2026.7.22=hbd8a1cb_0
  - certifi=2026.7.22=pyhd8ed1ab_0
  - charset-normalizer=3.5.1=pyhd8ed1ab_0
  - colorama=0.4.6=pyhd8ed1ab_1
  - cpython=3.12.14=py312hd8ed1ab_3
  - eternafold=1.3.1=h9948957_2
  - exceptiongroup=1.3.1=pyhd8ed1ab_0
  - filelock=4.0.1=pyhd8ed1ab_0
  - fsspec=2026.7.0=pyhd8ed1ab_0
  - gawk=5.4.1=h0a3468a_0
  - gcc_impl_linux-64=16.2.0=hfe51025_5
  - gcc_linux-64=16.2.0=h0ab548f_2
  - gmp=6.3.0=hfd2156b_3
  - gsl=2.7=he838d99_0
  - gxx_impl_linux-64=16.2.0=h0d273dc_5
  - gxx_linux-64=16.2.0=h23aca61_2
  - h11=0.16.0=pyhcf101f3_1
  - h2=4.4.1=pyhcf101f3_0
  - hf-xet=1.5.2=py310hb823017_2
  - hpack=4.2.0=pyhd8ed1ab_0
  - httpcore=1.0.9=pyh29332c3_0
  - httpx=0.28.1=pyhd8ed1ab_0
  - huggingface_hub=1.9.2=pyhd8ed1ab_0
  - hyperframe=6.1.0=pyhd8ed1ab_0
  - icu=78.3=py310h44b86e0_2
  - idna=3.20=pyh5ded981_0
  - infernal=1.1.5=pl5321h7b50bb2_4
  - iniconfig=2.3.0=pyhd8ed1ab_0
  - kernel-headers_linux-64=6.12.0=he073ed8_6
  - ld_impl_linux-64=2.46.1=default_hbd61a6d_102
  - libasprintf=0.25.1=h3f43e3d_1
  - libblas=3.11.0=11_h4a7cf45_openblas
  - libcap=2.78=h084b8d7_1
  - libcblas=3.11.0=11_h0358290_openblas
  - libevent=2.1.12=h5348a74_2
  - libexpat=2.8.4=hd2095e1_0
  - libfabric=2.6.0=ha770c72_0
  - libfabric1=2.6.0=h6b3ec72_0
  - libffi=3.7.0=h81df57d_1
  - libgcc=16.2.0=ha9f2e26_5
  - libgcc-devel_linux-64=16.2.0=he3ce08f_105
  - libgcc-ng=16.2.0=h69a702a_5
  - libgettextpo=0.25.1=h3f43e3d_1
  - libgfortran=16.2.0=h69a702a_5
  - libgfortran5=16.2.0=h6b99dfc_5
  - libgomp=16.2.0=he0feb66_5
  - libhwloc=2.13.0=default_he001693_1000
  - libiconv=1.18=h0cb94f2_3
  - liblapack=3.11.0=11_h47877c9_openblas
  - liblzma=5.8.3=hb03c661_1
  - libnl=3.11.0=hb03c661_1
  - libnsl=2.0.1=hb9d3cd8_1
  - libopenblas=0.3.34=pthreads_hf13c14d_2
  - libpmix=5.0.8=h31fc519_4
  - libpython=3.12.14=h0c77377_3_cpython
  - libsanitizer=16.2.0=h3048135_5
  - libsqlite=3.53.4=h13e7031_1
  - libssh2=1.11.1=h6154650_1
  - libstdcxx=16.2.0=h934c35e_5
  - libstdcxx-devel_linux-64=16.2.0=h86e191b_105
  - libsystemd0=262=h26e0ef7_0
  - libudev1=262=h26e0ef7_0
  - libuuid=2.42.3=hcfc3c73_0
  - libxcrypt=4.4.38=h280c20c_0
  - libxml2=2.15.4=h7df9aa5_0
  - libxml2-16=2.15.4=hf3af7cc_0
  - libzlib=1.3.2=h25fd6f3_3
  - markdown-it-py=4.2.0=pyhd8ed1ab_0
  - mdurl=0.1.2=pyhd8ed1ab_1
  - mmseqs2=18.8cc5c=hd6d6fdc_0
  - mpfr=4.2.2=ha2cb11d_1
  - mpi=1.0.1=openmpi
  - ncurses=6.6=hdb14827_1
  - numpy=2.5.3=py312he827f4e_0
  - openmpi=5.0.10=hee33aa4_2
  - openmpi-mpicxx=5.0.10=h28af3c2_2
  - openssl=3.6.4=h781a0a9_0
  - packaging=26.3=pyhc364b38_0
  - perl=5.32.1=9_h7cc23a3_perl5
  - pip=26.2.1=pyh8b19718_0
  - pluggy=1.6.0=pyhf9edf01_1
  - polars=1.44.2=pyh3138b34_0
  - polars-runtime-32=1.44.2=py311hb519a9e_0
  - pygments=2.21.0=pyhcf101f3_0
  - pysocks=1.7.1=pyha55dd90_7
  - pytest=9.1.1=pyhc364b38_2
  - python=3.12.14=h5f976f7_3_cpython
  - python-gil=3.12.14=hd8ed1ab_3
  - python_abi=3.12=9_cp312
  - pyyaml=6.0.3=py312h8a5da7c_1
  - rdma-core=65.0=h7b4f2e6_0
  - readline=8.3=hd6e31c0_1
  - requests=2.34.2=pyhcf101f3_0
  - rich=15.0.0=pyhcf101f3_0
  - setuptools=84.0.0=pyh332efcf_0
  - shellingham=1.5.4=pyhd8ed1ab_2
  - sniffio=1.3.1=pyhd8ed1ab_2
  - sysroot_linux-64=2.39=hc4b9eeb_6
  - tk=8.6.13=noxft_h1df4ec4_4
  - tomli=2.4.1=pyhcf101f3_0
  - tqdm=4.70.1=pyhfa0c392_0
  - typer=0.27.2=pyhcf101f3_0
  - typing-extensions=4.16.0=h69aa097_0
  - typing_extensions=4.16.0=pyhcf101f3_0
  - tzdata=2026c=h151e31d_0
  - ucc=1.8.0=h539fd1b_2
  - ucx=1.22.0=h6cc3e34_1
  - urllib3=2.8.0=pyhd8ed1ab_0
  - viennarna=2.7.2=py312pl5321h245ea3e_1
  - wheel=0.48.0=pyhd8ed1ab_0
  - yaml=0.2.5=hebe6cf0_3
  - zlib=1.3.2=h25fd6f3_3
  - zstd=1.5.7=hb78ec9c_7
  - pip:
      - apache-tvm-ffi==0.1.9
      - causal-conv1d==1.7.0
      - cloudpickle==3.1.2
      - cuda-bindings==12.9.4
      - cuda-pathfinder==1.8.2
      - einops==0.8.2
      - jinja2==3.1.6
      - mamba-ssm==2.3.2.post1
      - markupsafe==3.0.3
      - ml-dtypes==0.6.0
      - mpmath==1.3.0
      - networkx==3.7
      - ninja==1.13.2
      - nvidia-cublas-cu12==12.8.4.1
      - nvidia-cuda-cupti-cu12==12.8.90
      - nvidia-cuda-nvrtc-cu12==12.8.93
      - nvidia-cuda-runtime-cu12==12.8.90
      - nvidia-cudnn-cu12==9.10.2.21
      - nvidia-cufft-cu12==11.3.3.83
      - nvidia-cufile-cu12==1.13.1.3
      - nvidia-curand-cu12==10.3.9.90
      - nvidia-cusolver-cu12==11.7.3.90
      - nvidia-cusparse-cu12==12.5.8.93
      - nvidia-cusparselt-cu12==0.7.1
      - nvidia-cutlass-dsl==4.8.0
      - nvidia-cutlass-dsl-libs-base==4.8.0
      - nvidia-cutlass-dsl-libs-core==4.8.0
      - nvidia-cutlass-dsl-libs-cu12==4.8.0
      - nvidia-nccl-cu12==2.27.5
      - nvidia-nvjitlink-cu12==12.8.93
      - nvidia-nvshmem-cu12==3.4.5
      - nvidia-nvtx-cu12==12.8.90
      - protobuf==7.36.2
      - psutil==7.2.2
      - quack-kernels==0.6.5
      - regex==2026.9.10
      - ribomamba==0.1.0
      - safetensors==0.8.0
      - sympy==1.14.0
      - tilelang==0.1.8
      - tokenizers==0.23.2
      - torch==2.10.0+cu128
      - torch-c-dlpack-ext==0.1.5
      - transformers==5.17.0
      - triton==3.6.0
      - z3-solver==4.15.4.0
